distlib==0.4.0 \
    --hash=sha256:9659f7d87e46584a30b5780e43ac7a2143098441670ff0a49d5f9034c54a6c16
filelock==3.24.2 \
    --hash=sha256:667d7dc0b7d1e1064dd5f8f8e80bdac157a6482e8d2e02cd16fd3b6b33bd6556
platformdirs==4.5.0 \
    --hash=sha256:e578a81bb873cbb89a41fcc904c7ef523cc18284b7e3b3ccf06aca1403b7ebd3
virtualenv==20.39.1 \
    --hash=sha256:a00332e0b089ba64edefbf94ef34e6db33f45fe5184df0652cf0b754dcd36190
